
Microsoft Visual Studio Solution File, Format Version 12.00
# Visual Studio Version 17
VisualStudioVersion = 17.10.35027.167
MinimumVisualStudioVersion = 10.0.40219.1
Project("{FAE04EC0-301F-11D3-BF4B-00C04F79EFBC}") = "Task-Identity", "Task-Identity.csproj", "{F7E5C85D-F02B-4BC9-BBC4-D47D79B26A06}"
EndProject
Global
	GlobalSection(SolutionConfigurationPlatforms) = preSolution
		Debug|Any CPU = Debug|Any CPU
		Release|Any CPU = Release|Any CPU
	EndGlobalSection
	GlobalSection(ProjectConfigurationPlatforms) = postSolution
		{F7E5C85D-F02B-4BC9-BBC4-D47D79B26A06}.Debug|Any CPU.ActiveCfg = Debug|Any CPU
		{F7E5C85D-F02B-4BC9-BBC4-D47D79B26A06}.Debug|Any CPU.Build.0 = Debug|Any CPU
		{F7E5C85D-F02B-4BC9-BBC4-D47D79B26A06}.Release|Any CPU.ActiveCfg = Release|Any CPU
		{F7E5C85D-F02B-4BC9-BBC4-D47D79B26A06}.Release|Any CPU.Build.0 = Release|Any CPU
	EndGlobalSection
	GlobalSection(SolutionProperties) = preSolution
		HideSolutionNode = FALSE
	EndGlobalSection
	GlobalSection(ExtensibilityGlobals) = postSolution
		SolutionGuid = {2A45F1D6-9C65-4AE0-9BEA-FF8920851C96}
	EndGlobalSection
EndGlobal
